
Microsoft Visual Studio Solution File, Format Version 12.00
# Visual Studio Version 17
VisualStudioVersion = 17.12.35209.166
MinimumVisualStudioVersion = 10.0.40219.1
Project("{FAE04EC0-301F-11D3-BF4B-00C04F79EFBC}") = "CatBot", "CatBot.csproj", "{C665AEF1-0AA7-43C0-9350-339BC1D42DBA}"
EndProject
Global
	GlobalSection(SolutionConfigurationPlatforms) = preSolution
		Debug|Any CPU = Debug|Any CPU
		Release|Any CPU = Release|Any CPU
	EndGlobalSection
	GlobalSection(ProjectConfigurationPlatforms) = postSolution
		{C665AEF1-0AA7-43C0-9350-339BC1D42DBA}.Debug|Any CPU.ActiveCfg = Debug|Any CPU
		{C665AEF1-0AA7-43C0-9350-339BC1D42DBA}.Debug|Any CPU.Build.0 = Debug|Any CPU
		{C665AEF1-0AA7-43C0-9350-339BC1D42DBA}.Release|Any CPU.ActiveCfg = Release|Any CPU
		{C665AEF1-0AA7-43C0-9350-339BC1D42DBA}.Release|Any CPU.Build.0 = Release|Any CPU
	EndGlobalSection
	GlobalSection(SolutionProperties) = preSolution
		HideSolutionNode = FALSE
	EndGlobalSection
	GlobalSection(ExtensibilityGlobals) = postSolution
		SolutionGuid = {F8E5774F-03AE-4452-9805-00BFFCB7C536}
	EndGlobalSection
EndGlobal
